
<<<<<<< HEAD
Microsoft Visual Studio Solution File, Format Version 12.00
# Visual Studio 15
=======
Microsoft Visual Studio Solution File, Format Version 11.00
# Visual Studio 2010
>>>>>>> weapon-sway
Project("{FAE04EC0-301F-11D3-BF4B-00C04F79EFBC}") = "Assembly-CSharp", "Assembly-CSharp.csproj", "{3E45C0D2-F1AC-A498-BA71-0C894D92E4FA}"
EndProject
Project("{FAE04EC0-301F-11D3-BF4B-00C04F79EFBC}") = "Assembly-CSharp-firstpass", "Assembly-CSharp-firstpass.csproj", "{3C0B43AB-8ED2-122D-E417-7890E75C10D8}"
EndProject
Project("{FAE04EC0-301F-11D3-BF4B-00C04F79EFBC}") = "Assembly-CSharp-Editor-firstpass", "Assembly-CSharp-Editor-firstpass.csproj", "{D426E0C5-8AD8-8E90-648C-B42D014346EA}"
EndProject
Project("{FAE04EC0-301F-11D3-BF4B-00C04F79EFBC}") = "Assembly-CSharp-Editor", "Assembly-CSharp-Editor.csproj", "{77228080-B081-4096-CE6F-B2FE5913F5EC}"
EndProject
Global
	GlobalSection(SolutionConfigurationPlatforms) = preSolution
		Debug|Any CPU = Debug|Any CPU
		Release|Any CPU = Release|Any CPU
	EndGlobalSection
	GlobalSection(ProjectConfigurationPlatforms) = postSolution
		{3E45C0D2-F1AC-A498-BA71-0C894D92E4FA}.Debug|Any CPU.ActiveCfg = Debug|Any CPU
		{3E45C0D2-F1AC-A498-BA71-0C894D92E4FA}.Debug|Any CPU.Build.0 = Debug|Any CPU
		{3E45C0D2-F1AC-A498-BA71-0C894D92E4FA}.Release|Any CPU.ActiveCfg = Release|Any CPU
		{3E45C0D2-F1AC-A498-BA71-0C894D92E4FA}.Release|Any CPU.Build.0 = Release|Any CPU
		{3C0B43AB-8ED2-122D-E417-7890E75C10D8}.Debug|Any CPU.ActiveCfg = Debug|Any CPU
		{3C0B43AB-8ED2-122D-E417-7890E75C10D8}.Debug|Any CPU.Build.0 = Debug|Any CPU
		{3C0B43AB-8ED2-122D-E417-7890E75C10D8}.Release|Any CPU.ActiveCfg = Release|Any CPU
		{3C0B43AB-8ED2-122D-E417-7890E75C10D8}.Release|Any CPU.Build.0 = Release|Any CPU
		{D426E0C5-8AD8-8E90-648C-B42D014346EA}.Debug|Any CPU.ActiveCfg = Debug|Any CPU
		{D426E0C5-8AD8-8E90-648C-B42D014346EA}.Debug|Any CPU.Build.0 = Debug|Any CPU
		{D426E0C5-8AD8-8E90-648C-B42D014346EA}.Release|Any CPU.ActiveCfg = Release|Any CPU
		{D426E0C5-8AD8-8E90-648C-B42D014346EA}.Release|Any CPU.Build.0 = Release|Any CPU
		{77228080-B081-4096-CE6F-B2FE5913F5EC}.Debug|Any CPU.ActiveCfg = Debug|Any CPU
		{77228080-B081-4096-CE6F-B2FE5913F5EC}.Debug|Any CPU.Build.0 = Debug|Any CPU
		{77228080-B081-4096-CE6F-B2FE5913F5EC}.Release|Any CPU.ActiveCfg = Release|Any CPU
		{77228080-B081-4096-CE6F-B2FE5913F5EC}.Release|Any CPU.Build.0 = Release|Any CPU
	EndGlobalSection
	GlobalSection(SolutionProperties) = preSolution
		HideSolutionNode = FALSE
	EndGlobalSection
	GlobalSection(MonoDevelopProperties) = preSolution
		StartupItem = Assembly-CSharp.csproj
	EndGlobalSection
EndGlobal
